
Microsoft Visual Studio Solution File, Format Version 12.00
# TcXaeShell Solution File, Format Version 11.00
VisualStudioVersion = 15.0.28010.2050
MinimumVisualStudioVersion = 10.0.40219.1
Project("{FD9F1D59-E000-42F3-8744-88DE1BE93C06}") = "TwinCAT Measurement Project3", "TwinCAT Measurement Project3\TwinCAT Measurement Project3.tcmproj", "{F431D8DF-AE39-4B85-A03F-4CE2428F2B3C}"
EndProject
Global
	GlobalSection(SolutionConfigurationPlatforms) = preSolution
		Debug|TwinCAT CE7 (ARMV7) = Debug|TwinCAT CE7 (ARMV7)
		Debug|TwinCAT OS (ARMT2) = Debug|TwinCAT OS (ARMT2)
		Debug|TwinCAT RT (x64) = Debug|TwinCAT RT (x64)
		Debug|TwinCAT RT (x86) = Debug|TwinCAT RT (x86)
		Release|TwinCAT CE7 (ARMV7) = Release|TwinCAT CE7 (ARMV7)
		Release|TwinCAT OS (ARMT2) = Release|TwinCAT OS (ARMT2)
		Release|TwinCAT RT (x64) = Release|TwinCAT RT (x64)
		Release|TwinCAT RT (x86) = Release|TwinCAT RT (x86)
	EndGlobalSection
	GlobalSection(ProjectConfigurationPlatforms) = postSolution
		{F431D8DF-AE39-4B85-A03F-4CE2428F2B3C}.Debug|TwinCAT CE7 (ARMV7).ActiveCfg = Debug|TwinCAT CE7 (ARMV7)
		{F431D8DF-AE39-4B85-A03F-4CE2428F2B3C}.Debug|TwinCAT OS (ARMT2).ActiveCfg = Debug|TwinCAT OS (ARMT2)
		{F431D8DF-AE39-4B85-A03F-4CE2428F2B3C}.Debug|TwinCAT RT (x64).ActiveCfg = Debug|TwinCAT RT (x64)
		{F431D8DF-AE39-4B85-A03F-4CE2428F2B3C}.Debug|TwinCAT RT (x86).ActiveCfg = Debug|TwinCAT RT (x86)
		{F431D8DF-AE39-4B85-A03F-4CE2428F2B3C}.Release|TwinCAT CE7 (ARMV7).ActiveCfg = Release|TwinCAT CE7 (ARMV7)
		{F431D8DF-AE39-4B85-A03F-4CE2428F2B3C}.Release|TwinCAT OS (ARMT2).ActiveCfg = Release|TwinCAT OS (ARMT2)
		{F431D8DF-AE39-4B85-A03F-4CE2428F2B3C}.Release|TwinCAT RT (x64).ActiveCfg = Release|TwinCAT RT (x64)
		{F431D8DF-AE39-4B85-A03F-4CE2428F2B3C}.Release|TwinCAT RT (x86).ActiveCfg = Release|TwinCAT RT (x86)
	EndGlobalSection
	GlobalSection(SolutionProperties) = preSolution
		HideSolutionNode = FALSE
	EndGlobalSection
	GlobalSection(ExtensibilityGlobals) = postSolution
		SolutionGuid = {A7228D5D-9B99-47E9-9956-6C40B7192250}
	EndGlobalSection
EndGlobal
